
Microsoft Visual Studio Solution File, Format Version 12.00
# Visual Studio Version 16
VisualStudioVersion = 16.0.31702.278
MinimumVisualStudioVersion = 10.0.40219.1
Project("{FAE04EC0-301F-11D3-BF4B-00C04F79EFBC}") = "YchebniyPractice2", "YchebniyPractice2.csproj", "{3157A18E-7A1F-45A7-ACC8-78D4A29E681B}"
EndProject
Global
	GlobalSection(SolutionConfigurationPlatforms) = preSolution
		Debug|Any CPU = Debug|Any CPU
		Release|Any CPU = Release|Any CPU
	EndGlobalSection
	GlobalSection(ProjectConfigurationPlatforms) = postSolution
		{3157A18E-7A1F-45A7-ACC8-78D4A29E681B}.Debug|Any CPU.ActiveCfg = Debug|Any CPU
		{3157A18E-7A1F-45A7-ACC8-78D4A29E681B}.Debug|Any CPU.Build.0 = Debug|Any CPU
		{3157A18E-7A1F-45A7-ACC8-78D4A29E681B}.Release|Any CPU.ActiveCfg = Release|Any CPU
		{3157A18E-7A1F-45A7-ACC8-78D4A29E681B}.Release|Any CPU.Build.0 = Release|Any CPU
	EndGlobalSection
	GlobalSection(SolutionProperties) = preSolution
		HideSolutionNode = FALSE
	EndGlobalSection
	GlobalSection(ExtensibilityGlobals) = postSolution
		SolutionGuid = {93C0C6C8-7A1D-4FB0-91B7-CF055EBEB2A8}
	EndGlobalSection
EndGlobal
